
Microsoft Visual Studio Solution File, Format Version 12.00
# Visual Studio 15
VisualStudioVersion = 15.0.28010.2048
MinimumVisualStudioVersion = 10.0.40219.1
Project("{FAE04EC0-301F-11D3-BF4B-00C04F79EFBC}") = "ChallengeIT.Data", "ChallengeIT.Data\ChallengeIT.Data.csproj", "{0ECF82F1-A129-40D7-ABE3-90EF07DA2822}"
EndProject
Project("{9A19103F-16F7-4668-BE54-9A1E7A4F7556}") = "ChallengeIT.Api", "ChallengeIT.Api\ChallengeIT.Api.csproj", "{9ECA7418-D756-4AA9-ADF1-CA2C9EFDEEEB}"
EndProject
Project("{9A19103F-16F7-4668-BE54-9A1E7A4F7556}") = "ChallengeIT.Services", "ChallengeIT.Services\ChallengeIT.Services.csproj", "{5A41E22D-F1EE-4038-8A2A-85C2F181907E}"
EndProject
Project("{E24C65DC-7377-472B-9ABA-BC803B73C61A}") = "ChallengeIT.UI", "ChallengeIT.UI\", "{CAB52E8D-DE6C-43D0-9D30-F2ED9F2D4990}"
	ProjectSection(WebsiteProperties) = preProject
		TargetFrameworkMoniker = ".NETFramework,Version%3Dv4.0"
		Debug.AspNetCompiler.VirtualPath = "/localhost_62150"
		Debug.AspNetCompiler.PhysicalPath = "ChallengeIT.UI\"
		Debug.AspNetCompiler.TargetPath = "PrecompiledWeb\localhost_62150\"
		Debug.AspNetCompiler.Updateable = "true"
		Debug.AspNetCompiler.ForceOverwrite = "true"
		Debug.AspNetCompiler.FixedNames = "false"
		Debug.AspNetCompiler.Debug = "True"
		Release.AspNetCompiler.VirtualPath = "/localhost_62150"
		Release.AspNetCompiler.PhysicalPath = "ChallengeIT.UI\"
		Release.AspNetCompiler.TargetPath = "PrecompiledWeb\localhost_62150\"
		Release.AspNetCompiler.Updateable = "true"
		Release.AspNetCompiler.ForceOverwrite = "true"
		Release.AspNetCompiler.FixedNames = "false"
		Release.AspNetCompiler.Debug = "False"
		VWDPort = "62150"
		SlnRelativePath = "ChallengeIT.UI\"
	EndProjectSection
EndProject
Global
	GlobalSection(SolutionConfigurationPlatforms) = preSolution
		Debug|Any CPU = Debug|Any CPU
		Release|Any CPU = Release|Any CPU
	EndGlobalSection
	GlobalSection(ProjectConfigurationPlatforms) = postSolution
		{0ECF82F1-A129-40D7-ABE3-90EF07DA2822}.Debug|Any CPU.ActiveCfg = Debug|Any CPU
		{0ECF82F1-A129-40D7-ABE3-90EF07DA2822}.Debug|Any CPU.Build.0 = Debug|Any CPU
		{0ECF82F1-A129-40D7-ABE3-90EF07DA2822}.Release|Any CPU.ActiveCfg = Release|Any CPU
		{0ECF82F1-A129-40D7-ABE3-90EF07DA2822}.Release|Any CPU.Build.0 = Release|Any CPU
		{9ECA7418-D756-4AA9-ADF1-CA2C9EFDEEEB}.Debug|Any CPU.ActiveCfg = Debug|Any CPU
		{9ECA7418-D756-4AA9-ADF1-CA2C9EFDEEEB}.Debug|Any CPU.Build.0 = Debug|Any CPU
		{9ECA7418-D756-4AA9-ADF1-CA2C9EFDEEEB}.Release|Any CPU.ActiveCfg = Release|Any CPU
		{9ECA7418-D756-4AA9-ADF1-CA2C9EFDEEEB}.Release|Any CPU.Build.0 = Release|Any CPU
		{5A41E22D-F1EE-4038-8A2A-85C2F181907E}.Debug|Any CPU.ActiveCfg = Debug|Any CPU
		{5A41E22D-F1EE-4038-8A2A-85C2F181907E}.Debug|Any CPU.Build.0 = Debug|Any CPU
		{5A41E22D-F1EE-4038-8A2A-85C2F181907E}.Release|Any CPU.ActiveCfg = Release|Any CPU
		{5A41E22D-F1EE-4038-8A2A-85C2F181907E}.Release|Any CPU.Build.0 = Release|Any CPU
		{CAB52E8D-DE6C-43D0-9D30-F2ED9F2D4990}.Debug|Any CPU.ActiveCfg = Debug|Any CPU
		{CAB52E8D-DE6C-43D0-9D30-F2ED9F2D4990}.Debug|Any CPU.Build.0 = Debug|Any CPU
		{CAB52E8D-DE6C-43D0-9D30-F2ED9F2D4990}.Release|Any CPU.ActiveCfg = Debug|Any CPU
		{CAB52E8D-DE6C-43D0-9D30-F2ED9F2D4990}.Release|Any CPU.Build.0 = Debug|Any CPU
	EndGlobalSection
	GlobalSection(SolutionProperties) = preSolution
		HideSolutionNode = FALSE
	EndGlobalSection
	GlobalSection(ExtensibilityGlobals) = postSolution
		SolutionGuid = {104665E2-1696-478C-9E2F-D7B69C04EEE6}
	EndGlobalSection
EndGlobal
